# THIS IS AN AUTOGENERATED FILE. DO NOT EDIT THIS FILE DIRECTLY.
# yarn lockfile v1


"@types/node@^10.1.2":
  version "10.11.0"
  resolved "https://registry.yarnpkg.com/@types/node/-/node-10.11.0.tgz#ddd0d67a3b6c3810dd1a59e36675fa82de5e19ae"

"@waves/waves-api@1.1":
  version "1.1.0"
  resolved "https://registry.yarnpkg.com/@waves/waves-api/-/waves-api-1.1.0.tgz#2407fc5829fd59925035e2bc7db06f31ba49cd0d"
  dependencies:
    "@waves/waves-signature-generator" "^0.10.1"
    bignumber.js "7.0.1"
    crypto-js "3.1.9-1"
    node-fetch "1.7.3"
    parse-json-bignumber "0.0.2"
    ts-api-validator "2.1.2"
    ts-utils "6.0.1"

"@waves/waves-signature-generator@^0.10.1":
  version "0.10.1"
  resolved "https://registry.yarnpkg.com/@waves/waves-signature-generator/-/waves-signature-generator-0.10.1.tgz#116ceb82279206cfdcf5fd3c5a309efab70e37f7"
  dependencies:
    base64-js "1.3.0"
    bignumber.js "7.2.1"
    crypto-js "3.1.9-1"

base64-js@1.3.0:
  version "1.3.0"
  resolved "https://registry.yarnpkg.com/base64-js/-/base64-js-1.3.0.tgz#cab1e6118f051095e58b5281aea8c1cd22bfc0e3"

bignumber.js@7.0.1:
  version "7.0.1"
  resolved "https://registry.yarnpkg.com/bignumber.js/-/bignumber.js-7.0.1.tgz#8d2ff74fb2e7a78cbfc3a57bd63cd6106bf8903a"

bignumber.js@7.2.1:
  version "7.2.1"
  resolved "https://registry.yarnpkg.com/bignumber.js/-/bignumber.js-7.2.1.tgz#80c048759d826800807c4bfd521e50edbba57a5f"

crypto-js@3.1.9-1:
  version "3.1.9-1"
  resolved "https://registry.yarnpkg.com/crypto-js/-/crypto-js-3.1.9-1.tgz#fda19e761fc077e01ffbfdc6e9fdfc59e8806cd8"

debug@^4.0.1:
  version "4.0.1"
  resolved "https://registry.yarnpkg.com/debug/-/debug-4.0.1.tgz#f9bb36d439b8d1f0dd52d8fb6b46e4ebb8c1cd5b"
  dependencies:
    ms "^2.1.1"

encoding@^0.1.11:
  version "0.1.12"
  resolved "https://registry.yarnpkg.com/encoding/-/encoding-0.1.12.tgz#538b66f3ee62cd1ab51ec323829d1f9480c74beb"
  dependencies:
    iconv-lite "~0.4.13"

iconv-lite@~0.4.13:
  version "0.4.24"
  resolved "https://registry.yarnpkg.com/iconv-lite/-/iconv-lite-0.4.24.tgz#2022b4b25fbddc21d2f524974a474aafe733908b"
  dependencies:
    safer-buffer ">= 2.1.2 < 3"

is-stream@^1.0.1:
  version "1.1.0"
  resolved "https://registry.yarnpkg.com/is-stream/-/is-stream-1.1.0.tgz#12d4a3dd4e68e0b79ceb8dbc84173ae80d91ca44"

ms@^2.1.1:
  version "2.1.1"
  resolved "https://registry.yarnpkg.com/ms/-/ms-2.1.1.tgz#30a5864eb3ebb0a66f2ebe6d727af06a09d86e0a"

node-fetch@1.7.3:
  version "1.7.3"
  resolved "https://registry.yarnpkg.com/node-fetch/-/node-fetch-1.7.3.tgz#980f6f72d85211a5347c6b2bc18c5b84c3eb47ef"
  dependencies:
    encoding "^0.1.11"
    is-stream "^1.0.1"

node-fetch@^2.2.0:
  version "2.2.0"
  resolved "https://registry.yarnpkg.com/node-fetch/-/node-fetch-2.2.0.tgz#4ee79bde909262f9775f731e3656d0db55ced5b5"

parse-json-bignumber@0.0.2:
  version "0.0.2"
  resolved "http://registry.npmjs.org/parse-json-bignumber/-/parse-json-bignumber-0.0.2.tgz#0e436d93e45e50f0ce860ae2aafcc53096c597df"

"safer-buffer@>= 2.1.2 < 3":
  version "2.1.2"
  resolved "https://registry.yarnpkg.com/safer-buffer/-/safer-buffer-2.1.2.tgz#44fa161b0187b9549dd84bb91802f9bd8385cd6a"

sandwich-stream@^1.0.0:
  version "1.0.0"
  resolved "https://registry.yarnpkg.com/sandwich-stream/-/sandwich-stream-1.0.0.tgz#7830e45797b5933287f1f9b28f871907456262f2"

telegraf@^3.24.0:
  version "3.24.0"
  resolved "https://registry.yarnpkg.com/telegraf/-/telegraf-3.24.0.tgz#10bd3ef6771401dfbe93fba9c24b3cc75fdefe7b"
  dependencies:
    "@types/node" "^10.1.2"
    debug "^4.0.1"
    node-fetch "^2.2.0"
    sandwich-stream "^1.0.0"
    telegram-typings "^3.6.0"
    typescript "^3.0.1"

telegram-typings@^3.6.0:
  version "3.6.1"
  resolved "https://registry.yarnpkg.com/telegram-typings/-/telegram-typings-3.6.1.tgz#1288d547f8694b61f1c01c2993e295f3114d9e25"

ts-api-validator@2.1.2:
  version "2.1.2"
  resolved "https://registry.yarnpkg.com/ts-api-validator/-/ts-api-validator-2.1.2.tgz#b661abbc8e83af61cbb1b17943bd8f281459bbd5"
  dependencies:
    ts-utils "^4.0.2"

ts-utils@6.0.1:
  version "6.0.1"
  resolved "https://registry.yarnpkg.com/ts-utils/-/ts-utils-6.0.1.tgz#e35299ae8f76535cca1046850760903dd6da39ac"

ts-utils@^4.0.2:
  version "4.5.0"
  resolved "https://registry.yarnpkg.com/ts-utils/-/ts-utils-4.5.0.tgz#be3cfde0037b29f251fd1fc4aa212294d83c7656"

typescript@^3.0.1:
  version "3.0.3"
  resolved "https://registry.yarnpkg.com/typescript/-/typescript-3.0.3.tgz#4853b3e275ecdaa27f78fda46dc273a7eb7fc1c8"
